
Microsoft Visual Studio Solution File, Format Version 12.00
# Visual Studio Version 17
VisualStudioVersion = 17.6.33815.320
MinimumVisualStudioVersion = 10.0.40219.1
Project("{8BC9CEB8-8B4A-11D0-8D11-00A0C91BC942}") = "unit arrangement", "unit arrangement\unit arrangement.vcxproj", "{14436EF5-2357-4DBF-82FB-D4092B39ECDD}"
EndProject
Global
	GlobalSection(SolutionConfigurationPlatforms) = preSolution
		Debug|x64 = Debug|x64
		Debug|x86 = Debug|x86
		Release|x64 = Release|x64
		Release|x86 = Release|x86
	EndGlobalSection
	GlobalSection(ProjectConfigurationPlatforms) = postSolution
		{14436EF5-2357-4DBF-82FB-D4092B39ECDD}.Debug|x64.ActiveCfg = Debug|x64
		{14436EF5-2357-4DBF-82FB-D4092B39ECDD}.Debug|x64.Build.0 = Debug|x64
		{14436EF5-2357-4DBF-82FB-D4092B39ECDD}.Debug|x86.ActiveCfg = Debug|Win32
		{14436EF5-2357-4DBF-82FB-D4092B39ECDD}.Debug|x86.Build.0 = Debug|Win32
		{14436EF5-2357-4DBF-82FB-D4092B39ECDD}.Release|x64.ActiveCfg = Release|x64
		{14436EF5-2357-4DBF-82FB-D4092B39ECDD}.Release|x64.Build.0 = Release|x64
		{14436EF5-2357-4DBF-82FB-D4092B39ECDD}.Release|x86.ActiveCfg = Release|Win32
		{14436EF5-2357-4DBF-82FB-D4092B39ECDD}.Release|x86.Build.0 = Release|Win32
	EndGlobalSection
	GlobalSection(SolutionProperties) = preSolution
		HideSolutionNode = FALSE
	EndGlobalSection
	GlobalSection(ExtensibilityGlobals) = postSolution
		SolutionGuid = {6C031577-FFCB-4799-A2EE-8154EB52EE58}
	EndGlobalSection
EndGlobal
